
Microsoft Visual Studio Solution File, Format Version 12.00
# Visual Studio 17

Project("{E24C65DC-7377-472B-9ABA-BC803B73C61A}") = "TaskerManager", "app\", "B1C76DE7-8DF4-41A6-BDC5-2C9E318EC2E7"
EndProject
Project("{2150E333-8FDC-42A3-9474-1A3956D46DE8}") = "Code On Time Items", "Code On Time Items", "{DBFF6A32-B26B-4F5C-A8D2-6BD83F07FF7A}"
	ProjectSection(SolutionItems) = preProject
		ClientLibrary.en-GB.txt = ClientLibrary.en-GB.txt
		DataAquarium.Project.xml = DataAquarium.Project.xml
		DataAquarium.Version.xml = DataAquarium.Version.xml
		Sync.DESKTOP-6NKFJOT-onefi.xml = Sync.DESKTOP-6NKFJOT-onefi.xml
	EndProjectSection
EndProject
